
Microsoft Visual Studio Solution File, Format Version 12.00
# Visual Studio Version 17
VisualStudioVersion = 17.7.34031.279
MinimumVisualStudioVersion = 10.0.40219.1
Project("{FAE04EC0-301F-11D3-BF4B-00C04F79EFBC}") = "Week5Practice5TryCatch", "Week5Practice5TryCatch\Week5Practice5TryCatch.csproj", "{0AEFCA17-4A74-4005-BF12-3881EC80D074}"
EndProject
Global
	GlobalSection(SolutionConfigurationPlatforms) = preSolution
		Debug|Any CPU = Debug|Any CPU
		Release|Any CPU = Release|Any CPU
	EndGlobalSection
	GlobalSection(ProjectConfigurationPlatforms) = postSolution
		{0AEFCA17-4A74-4005-BF12-3881EC80D074}.Debug|Any CPU.ActiveCfg = Debug|Any CPU
		{0AEFCA17-4A74-4005-BF12-3881EC80D074}.Debug|Any CPU.Build.0 = Debug|Any CPU
		{0AEFCA17-4A74-4005-BF12-3881EC80D074}.Release|Any CPU.ActiveCfg = Release|Any CPU
		{0AEFCA17-4A74-4005-BF12-3881EC80D074}.Release|Any CPU.Build.0 = Release|Any CPU
	EndGlobalSection
	GlobalSection(SolutionProperties) = preSolution
		HideSolutionNode = FALSE
	EndGlobalSection
	GlobalSection(ExtensibilityGlobals) = postSolution
		SolutionGuid = {C7ACC54D-11D2-4E11-87DB-A71A2B8A3C32}
	EndGlobalSection
EndGlobal
